# This file is automatically @generated by Cargo.
# It is not intended for manual editing.
version = 3

[[package]]
name = "byteorder"
version = "1.5.0"
source = "registry+https://github.com/rust-lang/crates.io-index"
checksum = "1fd0f2584146f6f2ef48085050886acf353beff7305ebd1ae69500e27c67f64b"

[[package]]
name = "conclave-room"
version = "0.0.2-pre02"
source = "registry+https://github.com/rust-lang/crates.io-index"
checksum = "2aa50b194e26ff30a571806187c5ae19f16653974044a447d31748a082e07b65"

[[package]]
name = "conclave-room-serialize"
version = "0.0.2-pre02"
source = "registry+https://github.com/rust-lang/crates.io-index"
checksum = "e900908c66bdcc8182b26b4e09d97bcecaed76adc67520cbae3692494db873b8"
dependencies = [
 "byteorder",
 "conclave-room",
]

[[package]]
name = "conclave-serialize"
version = "0.0.1"
dependencies = [
 "byteorder",
 "conclave-room-serialize",
 "conclave-types",
]

[[package]]
name = "conclave-types"
version = "0.0.1"
source = "registry+https://github.com/rust-lang/crates.io-index"
checksum = "14ee3f7c47102332d65f647a8e059323117a02f7b053d25530d9eb64d931eca1"
